
Microsoft Visual Studio Solution File, Format Version 12.00
# Visual Studio Version 17
VisualStudioVersion = 17.4.33403.182
MinimumVisualStudioVersion = 10.0.40219.1
Project("{FAE04EC0-301F-11D3-BF4B-00C04F79EFBC}") = "ConnectToAPI", "ConnectToAPI\ConnectToAPI.csproj", "{E1383E0F-11E0-49DB-A3AB-03AB9C5484E9}"
EndProject
Project("{FAE04EC0-301F-11D3-BF4B-00C04F79EFBC}") = "ClassLibrary1", "ClassLibrary1\ClassLibrary1.csproj", "{A55C1B9F-4013-4D56-B8B6-C0016EDF7EFF}"
EndProject
Global
	GlobalSection(SolutionConfigurationPlatforms) = preSolution
		Debug|Any CPU = Debug|Any CPU
		Release|Any CPU = Release|Any CPU
	EndGlobalSection
	GlobalSection(ProjectConfigurationPlatforms) = postSolution
		{E1383E0F-11E0-49DB-A3AB-03AB9C5484E9}.Debug|Any CPU.ActiveCfg = Debug|Any CPU
		{E1383E0F-11E0-49DB-A3AB-03AB9C5484E9}.Debug|Any CPU.Build.0 = Debug|Any CPU
		{E1383E0F-11E0-49DB-A3AB-03AB9C5484E9}.Release|Any CPU.ActiveCfg = Release|Any CPU
		{E1383E0F-11E0-49DB-A3AB-03AB9C5484E9}.Release|Any CPU.Build.0 = Release|Any CPU
		{A55C1B9F-4013-4D56-B8B6-C0016EDF7EFF}.Debug|Any CPU.ActiveCfg = Debug|Any CPU
		{A55C1B9F-4013-4D56-B8B6-C0016EDF7EFF}.Debug|Any CPU.Build.0 = Debug|Any CPU
		{A55C1B9F-4013-4D56-B8B6-C0016EDF7EFF}.Release|Any CPU.ActiveCfg = Release|Any CPU
		{A55C1B9F-4013-4D56-B8B6-C0016EDF7EFF}.Release|Any CPU.Build.0 = Release|Any CPU
	EndGlobalSection
	GlobalSection(SolutionProperties) = preSolution
		HideSolutionNode = FALSE
	EndGlobalSection
	GlobalSection(ExtensibilityGlobals) = postSolution
		SolutionGuid = {91D50A31-98A9-48C4-992F-551C8E14A0F7}
	EndGlobalSection
EndGlobal
